
Microsoft Visual Studio Solution File, Format Version 12.00
# Visual Studio Version 16
VisualStudioVersion = 16.0.32002.261
MinimumVisualStudioVersion = 10.0.40219.1
Project("{FAE04EC0-301F-11D3-BF4B-00C04F79EFBC}") = "WebApplication", "WebApplication.csproj", "{A2B8FF03-AB3F-43B3-B62C-71CFCE9C7486}"
EndProject
Global
	GlobalSection(SolutionConfigurationPlatforms) = preSolution
		Debug|Any CPU = Debug|Any CPU
		Release|Any CPU = Release|Any CPU
	EndGlobalSection
	GlobalSection(ProjectConfigurationPlatforms) = postSolution
		{A2B8FF03-AB3F-43B3-B62C-71CFCE9C7486}.Debug|Any CPU.ActiveCfg = Debug|Any CPU
		{A2B8FF03-AB3F-43B3-B62C-71CFCE9C7486}.Debug|Any CPU.Build.0 = Debug|Any CPU
		{A2B8FF03-AB3F-43B3-B62C-71CFCE9C7486}.Release|Any CPU.ActiveCfg = Release|Any CPU
		{A2B8FF03-AB3F-43B3-B62C-71CFCE9C7486}.Release|Any CPU.Build.0 = Release|Any CPU
	EndGlobalSection
	GlobalSection(SolutionProperties) = preSolution
		HideSolutionNode = FALSE
	EndGlobalSection
	GlobalSection(ExtensibilityGlobals) = postSolution
		SolutionGuid = {CE5E0D3B-B4DE-441B-832A-0C34FD0D39FB}
	EndGlobalSection
EndGlobal
